
Microsoft Visual Studio Solution File, Format Version 12.00
# Visual Studio Version 17
VisualStudioVersion = 17.3.32804.467
MinimumVisualStudioVersion = 10.0.40219.1
Project("{2150E333-8FDC-42A3-9474-1A3956D46DE8}") = "src", "src", "{D8F21C16-1282-4950-9D57-B4E5B7471674}"
EndProject
Project("{2150E333-8FDC-42A3-9474-1A3956D46DE8}") = "tests", "tests", "{A6E0D609-3957-4C68-A6C3-7032BA2F8617}"
EndProject
Project("{2150E333-8FDC-42A3-9474-1A3956D46DE8}") = "Api", "Api", "{7A0199B5-A7F4-423C-A067-AF7B4E225F18}"
EndProject
Project("{2150E333-8FDC-42A3-9474-1A3956D46DE8}") = "Modules", "Modules", "{F936ADBD-9535-4DD5-82E0-027E165B3670}"
EndProject
Project("{2150E333-8FDC-42A3-9474-1A3956D46DE8}") = "Modules", "Modules", "{197D2919-3A6C-4745-9F5C-78BF9E2215D1}"
EndProject
Project("{9A19103F-16F7-4668-BE54-9A1E7A4F7556}") = "LawyerWeb.Blog.Api", "src\Api\LawyerWeb.Blog.Api\LawyerWeb.Blog.Api.csproj", "{8C69174D-3D85-44EA-8801-99C997630D49}"
EndProject
Project("{2150E333-8FDC-42A3-9474-1A3956D46DE8}") = "Blog", "Blog", "{AC62C80A-4130-4FB4-B985-2CA4ED9FA9AB}"
EndProject
Project("{9A19103F-16F7-4668-BE54-9A1E7A4F7556}") = "LawyerWeb.Blog.Application", "src\Modules\Blog\LawyerWeb.Blog.Application\LawyerWeb.Blog.Application.csproj", "{0C6DCB45-6AE7-4575-B830-E06FFF50EE19}"
EndProject
Project("{9A19103F-16F7-4668-BE54-9A1E7A4F7556}") = "LawyerWeb.Blog.Application.Shared", "src\Modules\Blog\LawyerWeb.Blog.Application.Shared\LawyerWeb.Blog.Application.Shared.csproj", "{BDFB0264-88C4-46CD-B548-DEF324B90B77}"
EndProject
Project("{9A19103F-16F7-4668-BE54-9A1E7A4F7556}") = "LawyerWeb.Blog.Domain", "src\Modules\Blog\LawyerWeb.Blog.Domain\LawyerWeb.Blog.Domain.csproj", "{732B75CA-F9FB-440B-B467-2936E0626F9B}"
EndProject
Project("{9A19103F-16F7-4668-BE54-9A1E7A4F7556}") = "LawyerWeb.Blog.Infrastructure", "src\Modules\Blog\LawyerWeb.Blog.Infrastructure\LawyerWeb.Blog.Infrastructure.csproj", "{43FE5233-E19C-4C6E-94BD-2268CBBE5A4F}"
EndProject
Project("{9A19103F-16F7-4668-BE54-9A1E7A4F7556}") = "LawyerWeb.Blog.Persistance", "src\Modules\Blog\LawyerWeb.Blog.Persistance\LawyerWeb.Blog.Persistance.csproj", "{20D95E05-C5B4-4818-9223-8CE26D2A86B1}"
EndProject
Project("{2150E333-8FDC-42A3-9474-1A3956D46DE8}") = "Core", "Core", "{0D21AC03-6175-4533-924A-F4E17D06C267}"
EndProject
Project("{2150E333-8FDC-42A3-9474-1A3956D46DE8}") = "Core.Data.EFCore", "Core.Data.EFCore", "{2EE6B598-BCB6-49D1-A3AE-06A9FD332A62}"
EndProject
Project("{FAE04EC0-301F-11D3-BF4B-00C04F79EFBC}") = "Core.Data.EFCore", "src\Core\Core.Data.EFCore\Core.Data.EFCore\Core.Data.EFCore.csproj", "{A3E81EE5-F6DF-4F50-BD2C-4F4E4E5006AC}"
EndProject
Global
	GlobalSection(SolutionConfigurationPlatforms) = preSolution
		Debug|Any CPU = Debug|Any CPU
		Release|Any CPU = Release|Any CPU
	EndGlobalSection
	GlobalSection(ProjectConfigurationPlatforms) = postSolution
		{8C69174D-3D85-44EA-8801-99C997630D49}.Debug|Any CPU.ActiveCfg = Debug|Any CPU
		{8C69174D-3D85-44EA-8801-99C997630D49}.Debug|Any CPU.Build.0 = Debug|Any CPU
		{8C69174D-3D85-44EA-8801-99C997630D49}.Release|Any CPU.ActiveCfg = Release|Any CPU
		{8C69174D-3D85-44EA-8801-99C997630D49}.Release|Any CPU.Build.0 = Release|Any CPU
		{0C6DCB45-6AE7-4575-B830-E06FFF50EE19}.Debug|Any CPU.ActiveCfg = Debug|Any CPU
		{0C6DCB45-6AE7-4575-B830-E06FFF50EE19}.Debug|Any CPU.Build.0 = Debug|Any CPU
		{0C6DCB45-6AE7-4575-B830-E06FFF50EE19}.Release|Any CPU.ActiveCfg = Release|Any CPU
		{0C6DCB45-6AE7-4575-B830-E06FFF50EE19}.Release|Any CPU.Build.0 = Release|Any CPU
		{BDFB0264-88C4-46CD-B548-DEF324B90B77}.Debug|Any CPU.ActiveCfg = Debug|Any CPU
		{BDFB0264-88C4-46CD-B548-DEF324B90B77}.Debug|Any CPU.Build.0 = Debug|Any CPU
		{BDFB0264-88C4-46CD-B548-DEF324B90B77}.Release|Any CPU.ActiveCfg = Release|Any CPU
		{BDFB0264-88C4-46CD-B548-DEF324B90B77}.Release|Any CPU.Build.0 = Release|Any CPU
		{732B75CA-F9FB-440B-B467-2936E0626F9B}.Debug|Any CPU.ActiveCfg = Debug|Any CPU
		{732B75CA-F9FB-440B-B467-2936E0626F9B}.Debug|Any CPU.Build.0 = Debug|Any CPU
		{732B75CA-F9FB-440B-B467-2936E0626F9B}.Release|Any CPU.ActiveCfg = Release|Any CPU
		{732B75CA-F9FB-440B-B467-2936E0626F9B}.Release|Any CPU.Build.0 = Release|Any CPU
		{43FE5233-E19C-4C6E-94BD-2268CBBE5A4F}.Debug|Any CPU.ActiveCfg = Debug|Any CPU
		{43FE5233-E19C-4C6E-94BD-2268CBBE5A4F}.Debug|Any CPU.Build.0 = Debug|Any CPU
		{43FE5233-E19C-4C6E-94BD-2268CBBE5A4F}.Release|Any CPU.ActiveCfg = Release|Any CPU
		{43FE5233-E19C-4C6E-94BD-2268CBBE5A4F}.Release|Any CPU.Build.0 = Release|Any CPU
		{20D95E05-C5B4-4818-9223-8CE26D2A86B1}.Debug|Any CPU.ActiveCfg = Debug|Any CPU
		{20D95E05-C5B4-4818-9223-8CE26D2A86B1}.Debug|Any CPU.Build.0 = Debug|Any CPU
		{20D95E05-C5B4-4818-9223-8CE26D2A86B1}.Release|Any CPU.ActiveCfg = Release|Any CPU
		{20D95E05-C5B4-4818-9223-8CE26D2A86B1}.Release|Any CPU.Build.0 = Release|Any CPU
		{A3E81EE5-F6DF-4F50-BD2C-4F4E4E5006AC}.Debug|Any CPU.ActiveCfg = Debug|Any CPU
		{A3E81EE5-F6DF-4F50-BD2C-4F4E4E5006AC}.Debug|Any CPU.Build.0 = Debug|Any CPU
		{A3E81EE5-F6DF-4F50-BD2C-4F4E4E5006AC}.Release|Any CPU.ActiveCfg = Release|Any CPU
		{A3E81EE5-F6DF-4F50-BD2C-4F4E4E5006AC}.Release|Any CPU.Build.0 = Release|Any CPU
	EndGlobalSection
	GlobalSection(SolutionProperties) = preSolution
		HideSolutionNode = FALSE
	EndGlobalSection
	GlobalSection(NestedProjects) = preSolution
		{7A0199B5-A7F4-423C-A067-AF7B4E225F18} = {D8F21C16-1282-4950-9D57-B4E5B7471674}
		{F936ADBD-9535-4DD5-82E0-027E165B3670} = {D8F21C16-1282-4950-9D57-B4E5B7471674}
		{197D2919-3A6C-4745-9F5C-78BF9E2215D1} = {A6E0D609-3957-4C68-A6C3-7032BA2F8617}
		{8C69174D-3D85-44EA-8801-99C997630D49} = {7A0199B5-A7F4-423C-A067-AF7B4E225F18}
		{AC62C80A-4130-4FB4-B985-2CA4ED9FA9AB} = {F936ADBD-9535-4DD5-82E0-027E165B3670}
		{0C6DCB45-6AE7-4575-B830-E06FFF50EE19} = {AC62C80A-4130-4FB4-B985-2CA4ED9FA9AB}
		{BDFB0264-88C4-46CD-B548-DEF324B90B77} = {AC62C80A-4130-4FB4-B985-2CA4ED9FA9AB}
		{732B75CA-F9FB-440B-B467-2936E0626F9B} = {AC62C80A-4130-4FB4-B985-2CA4ED9FA9AB}
		{43FE5233-E19C-4C6E-94BD-2268CBBE5A4F} = {AC62C80A-4130-4FB4-B985-2CA4ED9FA9AB}
		{20D95E05-C5B4-4818-9223-8CE26D2A86B1} = {AC62C80A-4130-4FB4-B985-2CA4ED9FA9AB}
		{0D21AC03-6175-4533-924A-F4E17D06C267} = {D8F21C16-1282-4950-9D57-B4E5B7471674}
		{2EE6B598-BCB6-49D1-A3AE-06A9FD332A62} = {0D21AC03-6175-4533-924A-F4E17D06C267}
		{A3E81EE5-F6DF-4F50-BD2C-4F4E4E5006AC} = {2EE6B598-BCB6-49D1-A3AE-06A9FD332A62}
	EndGlobalSection
	GlobalSection(ExtensibilityGlobals) = postSolution
		SolutionGuid = {39D42352-0BA0-4EA1-80D2-EB21B7081250}
	EndGlobalSection
EndGlobal
